
Microsoft Visual Studio Solution File, Format Version 12.00
# Visual Studio 14
VisualStudioVersion = 14.0.25420.1
MinimumVisualStudioVersion = 10.0.40219.1
Project("{2150E333-8FDC-42A3-9474-1A3956D46DE8}") = "src", "src", "{A34BFD2B-10A8-44D3-8469-1D6EB832AD19}"
EndProject
Project("{2150E333-8FDC-42A3-9474-1A3956D46DE8}") = "Solution Items", "Solution Items", "{D6148F74-BDE0-4882-A990-77BFEF5D3A3C}"
	ProjectSection(SolutionItems) = preProject
		global.json = global.json
	EndProjectSection
EndProject
Project("{8BB2217D-0F2D-49D1-97BC-3654ED321F3B}") = "ContosoUniversity", "src\ContosoUniversity\ContosoUniversity.xproj", "{1B456CD2-BE8B-43C0-AEDD-A32C25629734}"
EndProject
Global
	GlobalSection(SolutionConfigurationPlatforms) = preSolution
		Debug|Any CPU = Debug|Any CPU
		Release|Any CPU = Release|Any CPU
	EndGlobalSection
	GlobalSection(ProjectConfigurationPlatforms) = postSolution
		{1B456CD2-BE8B-43C0-AEDD-A32C25629734}.Debug|Any CPU.ActiveCfg = Debug|Any CPU
		{1B456CD2-BE8B-43C0-AEDD-A32C25629734}.Debug|Any CPU.Build.0 = Debug|Any CPU
		{1B456CD2-BE8B-43C0-AEDD-A32C25629734}.Release|Any CPU.ActiveCfg = Release|Any CPU
		{1B456CD2-BE8B-43C0-AEDD-A32C25629734}.Release|Any CPU.Build.0 = Release|Any CPU
	EndGlobalSection
	GlobalSection(SolutionProperties) = preSolution
		HideSolutionNode = FALSE
	EndGlobalSection
	GlobalSection(NestedProjects) = preSolution
		{1B456CD2-BE8B-43C0-AEDD-A32C25629734} = {A34BFD2B-10A8-44D3-8469-1D6EB832AD19}
	EndGlobalSection
EndGlobal
